# This file was autogenerated by Stack.
# You should not edit this file by hand.
# For more information, please see the documentation at:
#   https://docs.haskellstack.org/en/stable/lock_files

packages:
- completed:
    hackage: regex-posix-clib-2.7@sha256:998fca06da3d719818f0691ef0b8b9b7375afeea228cb08bd9e2db53f96b0cd7,1232
    pantry-tree:
      size: 524
      sha256: 5bf20952472d930323766d250f5fbbe3fe6f2cd3d931e5cf7b62a238ab2099ff
  original:
    hackage: regex-posix-clib-2.7
- completed:
    hackage: MissingH-1.4.3.0@sha256:efbbe7065e17bc01ed925593a0c5b5793ab857585a8e9d5015d0025e526ab55c,4702
    pantry-tree:
      size: 5271
      sha256: d3c9916fafe0b11b72c56862a5c578f35c3fdbe6ee203e4adeca9b0706ee1fe3
  original:
    hackage: MissingH-1.4.3.0@sha256:efbbe7065e17bc01ed925593a0c5b5793ab857585a8e9d5015d0025e526ab55c,4702
- completed:
    hackage: groupBy-0.1.0.0@sha256:9bd0c5e6bbfaf793f6e816a072bcb085dba1149bf282e998567eaaed8d0efec4,1720
    pantry-tree:
      size: 450
      sha256: 40726b0c6e42fc119f6c5a413fd81353cd69e3fd8893fec6e9ff50ccfc51172c
  original:
    hackage: groupBy-0.1.0.0@sha256:9bd0c5e6bbfaf793f6e816a072bcb085dba1149bf282e998567eaaed8d0efec4,1720
- completed:
    hackage: llvm-hs-pretty-0.9.0.0@sha256:b7a5de5f3dd97893d19d2b47af1e4dd8d075a5cf57062180a912d1f3ef1def60,1671
    pantry-tree:
      size: 4685
      sha256: 8cf6d628bb4f962575ad0993bb1010e9989cea00b325b8a45ac35ac201061386
  original:
    hackage: llvm-hs-pretty-0.9.0.0@sha256:b7a5de5f3dd97893d19d2b47af1e4dd8d075a5cf57062180a912d1f3ef1def60,1671
- completed:
    hackage: llvm-hs-pure-9.0.0@sha256:134779f40086a366279f678e670b610d7a7618b28dd43f65894078fd20e04629,2945
    pantry-tree:
      size: 2600
      sha256: f1a83aa959b69b72342997fc4fdc352086bc3b9f306cfb6a4c8bbc850d36b4fb
  original:
    hackage: llvm-hs-pure-9.0.0@sha256:134779f40086a366279f678e670b610d7a7618b28dd43f65894078fd20e04629,2945
- completed:
    hackage: Cabal-3.6.2.0@sha256:ae204c95edd633538c3e502eee8838dc41d8b13c8f333955a39ff9df7b6de9e8,12852
    pantry-tree:
      size: 19757
      sha256: 4a5049fc88e0f97447501b4daf6f2f21576db16b3e500812342b23c77a3570c9
  original:
    hackage: Cabal-3.6.2.0
- completed:
    hackage: Glob-0.10.2@sha256:2a4537c55816d3a87f8623e307fb709946c27bc1aabf068e2f96d2ff402ebb9c,2936
    pantry-tree:
      size: 1432
      sha256: 57e88711ff2fbd29b696124c54b77c9d849f6a9326a806a103fceb7764b74861
  original:
    hackage: Glob-0.10.2@sha256:2a4537c55816d3a87f8623e307fb709946c27bc1aabf068e2f96d2ff402ebb9c,2936
- completed:
    hackage: aeson-1.5.6.0@sha256:5003bb6fd260d2e2d5a51dee2bf5c8e8f29e4e0e0288fef805c22dcc80ecab06,6788
    pantry-tree:
      size: 37981
      sha256: 1f61b87807bfb4362a978a492e2f17be9e3ebfe32f983ee49863ddde970b32ce
  original:
    hackage: aeson-1.5.6.0@sha256:5003bb6fd260d2e2d5a51dee2bf5c8e8f29e4e0e0288fef805c22dcc80ecab06,6788
- completed:
    hackage: aeson-pretty-0.8.9@sha256:4edaca3e18cda892dc26e0ee62f99e30c069c91ca747e45b102cd6a694cf0174,2549
    pantry-tree:
      size: 394
      sha256: c51f8c02e89a88a65374fc5f93a482e7c6be1157aed18f607225fc8aef70a550
  original:
    hackage: aeson-pretty-0.8.9@sha256:4edaca3e18cda892dc26e0ee62f99e30c069c91ca747e45b102cd6a694cf0174,2549
- completed:
    hackage: ansi-wl-pprint-0.6.9@sha256:212144ea0623b1170807a4162db05d87f26cf10b334aeadd0edb377aba06a1ce,2425
    pantry-tree:
      size: 472
      sha256: 0a2390ba39c3b84f68e382cb25b58cea66d61a89dab818bb5e2a6c12642e2e21
  original:
    hackage: ansi-wl-pprint-0.6.9@sha256:212144ea0623b1170807a4162db05d87f26cf10b334aeadd0edb377aba06a1ce,2425
- completed:
    hackage: attoparsec-0.14.3@sha256:b65d94fa4ac2854e396d29532915c5fd6c48d000fea8b84f3c0d9c8430e36dc4,6183
    pantry-tree:
      size: 5305
      sha256: 0a15e87509cc67315b0531cac10baaaad5eef464c0bb5175d8ecbdcd7365e056
  original:
    hackage: attoparsec-0.14.3@sha256:b65d94fa4ac2854e396d29532915c5fd6c48d000fea8b84f3c0d9c8430e36dc4,6183
- completed:
    hackage: cryptohash-md5-0.11.101.0@sha256:160d301e00758606c9b98a3d226944e3e7552f8e28942623099d4b3a71971ba3,3235
    pantry-tree:
      size: 571
      sha256: eb24e0f9de291e7d810117f91940d42222bba45dad8171e58bcf36d63304ab07
  original:
    hackage: cryptohash-md5-0.11.101.0@sha256:160d301e00758606c9b98a3d226944e3e7552f8e28942623099d4b3a71971ba3,3235
- completed:
    hackage: either-5.0.1.1@sha256:41167573bf575b7e0e24283a52fba8ce7bed5a7cc2984bba0dce305a0ab66f0d,1973
    pantry-tree:
      size: 657
      sha256: f4355cd0091ec38301af2b98729fe2d6eb0a41bd7f01cc66be8202da90a6cb0e
  original:
    hackage: either-5.0.1.1@sha256:41167573bf575b7e0e24283a52fba8ce7bed5a7cc2984bba0dce305a0ab66f0d,1973
- completed:
    hackage: executable-path-0.0.3.1@sha256:865c184b96e224ba6727632176e457418aea02d8cfd6b65507d5d1a6c0372a85,2111
    pantry-tree:
      size: 708
      sha256: 77287936ebac66b84d59fed507db415cf2ea6d6a471d65d116bdd05a69f901ed
  original:
    hackage: executable-path-0.0.3.1@sha256:865c184b96e224ba6727632176e457418aea02d8cfd6b65507d5d1a6c0372a85,2111
- completed:
    hackage: fail-4.9.0.0@sha256:35d1ee29364447c1b7d616bb1ee31f162b73e85fea91d7ca6441cf901398f572,1051
    pantry-tree:
      size: 210
      sha256: e4daa79eb6a4442ec85c86dfeb0eb4bf8624f8dcc5291a2216165120ecb77c13
  original:
    hackage: fail-4.9.0.0@sha256:35d1ee29364447c1b7d616bb1ee31f162b73e85fea91d7ca6441cf901398f572,1051
- completed:
    hackage: hpc-lcov-1.0.1@sha256:9a8247076e9f1e75e38b0e1ce558fcee743cb7aacf46e1b73c109e9326276de9,2845
    pantry-tree:
      size: 628
      sha256: 11fdeca47b72e8c277195dbc1fd5ee8881f554492be7765c1f09dea0f43e4c17
  original:
    hackage: hpc-lcov-1.0.1@sha256:9a8247076e9f1e75e38b0e1ce558fcee743cb7aacf46e1b73c109e9326276de9,2845
- completed:
    hackage: hslogger-1.3.1.0@sha256:e40119589bc3299fe3f1ae84c067b0b056f96338b37daa19e6151d6233f9a2e1,2899
    pantry-tree:
      size: 1411
      sha256: c94a8db23f6e8d7a2e67c5a18884dbb0f24d1b1b9fb9c25a5bf59fc4ca1bad94
  original:
    hackage: hslogger-1.3.1.0@sha256:e40119589bc3299fe3f1ae84c067b0b056f96338b37daa19e6151d6233f9a2e1,2899
- completed:
    hackage: hspec-2.9.4@sha256:658a6a74d5a70c040edd6df2a12228c6d9e63082adaad1ed4d0438ad082a0ef3,1709
    pantry-tree:
      size: 583
      sha256: 0a92fc29b7e7f422dbd056c8e8bb88f5e4009ad37d679a8a2dab3ca62de98277
  original:
    hackage: hspec-2.9.4@sha256:658a6a74d5a70c040edd6df2a12228c6d9e63082adaad1ed4d0438ad082a0ef3,1709
- completed:
    hackage: hspec-golden-0.2.0.0@sha256:395816f942d9386ec7eddda938415d99364118841bff9053bac2457811be8acc,1854
    pantry-tree:
      size: 495
      sha256: c6bffa87f8b0117daeb4941091695ef80219ba8a7aeb5ea72389cd49dcb14de6
  original:
    hackage: hspec-golden-0.2.0.0@sha256:395816f942d9386ec7eddda938415d99364118841bff9053bac2457811be8acc,1854
- completed:
    hackage: network-3.1.2.5@sha256:433a5e076aaa8eb3e4158abae78fb409c6bd754e9af99bc2e87583d2bcd8404a,4888
    pantry-tree:
      size: 3971
      sha256: 957e4dbb988f47164c821807297a6020c1108cd3265582ac2aa9292708cb62c9
  original:
    hackage: network-3.1.2.5@sha256:433a5e076aaa8eb3e4158abae78fb409c6bd754e9af99bc2e87583d2bcd8404a,4888
- completed:
    hackage: network-bsd-2.8.1.0@sha256:cd945ea08818281e4a8fa6f0a0640a1502aad3748546a3c197e071772452a9bd,3738
    pantry-tree:
      size: 264
      sha256: f8f2a2d68923368c37ceedb8935fafe39ae6dc1ec9e89e7ddad09088c2b3b053
  original:
    hackage: network-bsd-2.8.1.0@sha256:cd945ea08818281e4a8fa6f0a0640a1502aad3748546a3c197e071772452a9bd,3738
- completed:
    hackage: old-locale-1.0.0.7@sha256:fa998be2c7e00cd26a6e9075bea790caaf3932caa3e9497ad69bc20380dd6911,1071
    pantry-tree:
      size: 263
      sha256: 462ef15cb35164d585aa3860f717c9685fbf05578330490860abd544381d2e24
  original:
    hackage: old-locale-1.0.0.7@sha256:fa998be2c7e00cd26a6e9075bea790caaf3932caa3e9497ad69bc20380dd6911,1071
- completed:
    hackage: old-time-1.1.0.3@sha256:c91fbb3ee73d20ccd015842b30f1f29a304893ebe0ae3128b7bbc13d5bb0d4c8,1328
    pantry-tree:
      size: 810
      sha256: 890bbbdf4175a409efd7c7c9fe153b71680e33bebeb74c9351d7d9d3a59d3d0e
  original:
    hackage: old-time-1.1.0.3@sha256:c91fbb3ee73d20ccd015842b30f1f29a304893ebe0ae3128b7bbc13d5bb0d4c8,1328
- completed:
    hackage: optparse-applicative-0.16.1.0@sha256:418c22ed6a19124d457d96bc66bd22c93ac22fad0c7100fe4972bbb4ac989731,4982
    pantry-tree:
      size: 2979
      sha256: dd092d843091c08691485d68a1908517079b1bc6f3d73928f37635a19dc27fc1
  original:
    hackage: optparse-applicative-0.16.1.0@sha256:418c22ed6a19124d457d96bc66bd22c93ac22fad0c7100fe4972bbb4ac989731,4982
- completed:
    hackage: pretty-show-1.10@sha256:bfef8da0ac4db4fc7f41edfec9e9a701ac206418d70702bff1e40f20d6a2b1f1,1888
    pantry-tree:
      size: 735
      sha256: ae0986a1537a5f462fd48787f82931a07ab8b569631cf08e6cff19c2d9e3866b
  original:
    hackage: pretty-show-1.10@sha256:bfef8da0ac4db4fc7f41edfec9e9a701ac206418d70702bff1e40f20d6a2b1f1,1888
- completed:
    hackage: prettyprinter-1.7.1@sha256:9c43c9d8c3cd9f445596e5a2379574bba87f935a4d1fa41b5407ee3cf4edc743,6987
    pantry-tree:
      size: 3460
      sha256: cd6f393bf7cba603a1958a139915fc343efd5488e36fd7b3b5c6956c002d04fa
  original:
    hackage: prettyprinter-1.7.1@sha256:9c43c9d8c3cd9f445596e5a2379574bba87f935a4d1fa41b5407ee3cf4edc743,6987
- completed:
    hackage: process-extras-0.7.4@sha256:4e79289131415796c181889c4a226ebab7fc3b0d27b164f65e1aad123ae9b9e3,1759
    pantry-tree:
      size: 1092
      sha256: ee89d385c9e822144698633b39f378904e42667aaca0d6ab577d7dea2b452c92
  original:
    hackage: process-extras-0.7.4@sha256:4e79289131415796c181889c4a226ebab7fc3b0d27b164f65e1aad123ae9b9e3,1759
- completed:
    hackage: random-1.2.1@sha256:8bee24dc0c985a90ee78d94c61f8aed21c49633686f0f1c14c5078d818ee43a2,6598
    pantry-tree:
      size: 1528
      sha256: 8bdc994ce41f43624ab42302a881fe5a0f81d965f5d238841e24943664681a06
  original:
    hackage: random-1.2.1@sha256:8bee24dc0c985a90ee78d94c61f8aed21c49633686f0f1c14c5078d818ee43a2,6598
- completed:
    hackage: regex-compat-0.95.2.1@sha256:32c5162c97e067fbd8dacd43a594d281245100823f206d69f3f7ba48c1dc2fe5,1756
    pantry-tree:
      size: 262
      sha256: 1e30c2697841a2f4afd07a25c3f6d0298b8e0ef59646a50f00a9667e3227c1b5
  original:
    hackage: regex-compat-0.95.2.1@sha256:32c5162c97e067fbd8dacd43a594d281245100823f206d69f3f7ba48c1dc2fe5,1756
- completed:
    hackage: regex-tdfa-1.3.1.1@sha256:99301459d49759408235811b15a17ecf13c0501687bf66e8f012e80dc871fc09,6370
    pantry-tree:
      size: 2566
      sha256: 0cea9d3f2d1bb4319f48d9be66da261f8c56b180c865e6f1aea298a08f77e2dc
  original:
    hackage: regex-tdfa-1.3.1.1@sha256:99301459d49759408235811b15a17ecf13c0501687bf66e8f012e80dc871fc09,6370
- completed:
    hackage: unordered-containers-0.2.16.0@sha256:859ec9a017e51194755cb8a445b767afc5ce0ac991cd50b0f96abd31b3687aab,5217
    pantry-tree:
      size: 1316
      sha256: e8d877c3c7545bc3d0e5b990466572a39b19f440bbf7a0e1bdde7521176cd12a
  original:
    hackage: unordered-containers-0.2.16.0@sha256:859ec9a017e51194755cb8a445b767afc5ce0ac991cd50b0f96abd31b3687aab,5217
- completed:
    hackage: utf8-string-1.0.2@sha256:79416292186feeaf1f60e49ac5a1ffae9bf1b120e040a74bf0e81ca7f1d31d3f,1538
    pantry-tree:
      size: 601
      sha256: 0863c3c9b6ee24dd38873c62e38ac46dd50aff2ea6b362beadf7f9b4a273c75f
  original:
    hackage: utf8-string-1.0.2@sha256:79416292186feeaf1f60e49ac5a1ffae9bf1b120e040a74bf0e81ca7f1d31d3f,1538
- completed:
    hackage: ListLike-4.7.6@sha256:a1e20a805d967eabd66edd45274347782a550487cee133868729ed487962ef14,3857
    pantry-tree:
      size: 1855
      sha256: 2faf9b6748fe04af34e9eb167aa32af3c19ebb32497495d726f58d54fd351703
  original:
    hackage: ListLike-4.7.6@sha256:a1e20a805d967eabd66edd45274347782a550487cee133868729ed487962ef14,3857
- completed:
    hackage: OneTuple-0.3.1@sha256:a848c096c9d29e82ffdd30a9998aa2931cbccb3a1bc137539d80f6174d31603e,2262
    pantry-tree:
      size: 506
      sha256: a685b08622f1fe0641e4f228a290878a1db4f7ef3eb63d00b10e8632097d1e6f
  original:
    hackage: OneTuple-0.3.1@sha256:a848c096c9d29e82ffdd30a9998aa2931cbccb3a1bc137539d80f6174d31603e,2262
- completed:
    hackage: QuickCheck-2.14.2@sha256:4ce29211223d5e6620ebceba34a3ca9ccf1c10c0cf387d48aea45599222ee5aa,7736
    pantry-tree:
      size: 2315
      sha256: 2fe423d0ed7cd64f0f165d708779f48814e66c4f181c568468134af55d86a5f8
  original:
    hackage: QuickCheck-2.14.2@sha256:4ce29211223d5e6620ebceba34a3ca9ccf1c10c0cf387d48aea45599222ee5aa,7736
- completed:
    hackage: ansi-terminal-0.11.1@sha256:e8428fcd5fe9d4e8a796a0c8107b7288a0a93ffaa8d761cf51f803384284bd77,3321
    pantry-tree:
      size: 1461
      sha256: 766e3636d5d638f5c451b7384ca08907622ac7ecae643df75497b53f09c97ac2
  original:
    hackage: ansi-terminal-0.11.1@sha256:e8428fcd5fe9d4e8a796a0c8107b7288a0a93ffaa8d761cf51f803384284bd77,3321
- completed:
    hackage: base-compat-0.12.1@sha256:20e50848d9dfee1523fafe8950060b04fae43d402c15553da5c7cacd116f7846,6960
    pantry-tree:
      size: 9038
      sha256: 2f2c14615443954f117613d77835234b598718e611fb4cf4522e01980bf1bcbd
  original:
    hackage: base-compat-0.12.1@sha256:20e50848d9dfee1523fafe8950060b04fae43d402c15553da5c7cacd116f7846,6960
- completed:
    hackage: base-compat-batteries-0.12.1@sha256:ee819d7570b2fda1012d29db945a1778c388ef8c0c282e45c8fe4eae7616a25c,8891
    pantry-tree:
      size: 11169
      sha256: 64edb51a988b4a362f0ba4172ad4e3d140ee69129dd68a4d08004fe506cc09ae
  original:
    hackage: base-compat-batteries-0.12.1@sha256:ee819d7570b2fda1012d29db945a1778c388ef8c0c282e45c8fe4eae7616a25c,8891
- completed:
    hackage: bifunctors-5.5.11@sha256:cc425ee85aae56dba1123baf6fb3fa7abcd90782f26bb904eef14c7332ee85f6,3919
    pantry-tree:
      size: 1758
      sha256: d3f0fdcd108e771b5cb68ee068c9a8637494e0c513f0845124798cc9dcdd11f0
  original:
    hackage: bifunctors-5.5.11@sha256:cc425ee85aae56dba1123baf6fb3fa7abcd90782f26bb904eef14c7332ee85f6,3919
- completed:
    hackage: cmdargs-0.10.21@sha256:a347cf8a16af30b9d8378209de0d1b7ac2b7b39e3af5d384383d8ef82315b37f,4241
    pantry-tree:
      size: 3122
      sha256: 97fc2d781012c77d60a239edb0b4fafdc680f7caa9aa123992bfd8bb4aeed276
  original:
    hackage: cmdargs-0.10.21@sha256:a347cf8a16af30b9d8378209de0d1b7ac2b7b39e3af5d384383d8ef82315b37f,4241
- completed:
    hackage: data-default-0.7.1.1@sha256:2804e8d14f521a1edee88b68b66347448e7f3b685868290fdc55930e4471f5a9,645
    pantry-tree:
      size: 212
      sha256: 1db0dcb6890feff1b87ea180a4c4a0611cda399a700822bd75970a2b7ad02dbc
  original:
    hackage: data-default-0.7.1.1@sha256:2804e8d14f521a1edee88b68b66347448e7f3b685868290fdc55930e4471f5a9,645
- completed:
    hackage: data-fix-0.3.2@sha256:e909776381648a75e82438a40df33c05397b57119b80bb83e38189370319b67a,1692
    pantry-tree:
      size: 262
      sha256: 327440e3a8d6c69617f67d49e3904c8d4b69558ea9f92f7856658b930ee64717
  original:
    hackage: data-fix-0.3.2@sha256:e909776381648a75e82438a40df33c05397b57119b80bb83e38189370319b67a,1692
- completed:
    hackage: dlist-1.0@sha256:124cb3aa1decebd5171b46601b1f74cca6cfae12d266ace3799b86dd05ef7cb4,3560
    pantry-tree:
      size: 953
      sha256: 8467afe9c94b2756e5703fed0950b51418bd877acbdd72e9dc3488b8f28f4e82
  original:
    hackage: dlist-1.0@sha256:124cb3aa1decebd5171b46601b1f74cca6cfae12d266ace3799b86dd05ef7cb4,3560
- completed:
    hackage: generic-deriving-1.14.1@sha256:72695b8478606f3a34d311c0310d983c664614643f59bfedeefd291a82b2c30c,6739
    pantry-tree:
      size: 2249
      sha256: 8cafdb582127c9d6545ad88d21aa5343942ec46f772e7ef1915733c55272a0cd
  original:
    hackage: generic-deriving-1.14.1@sha256:72695b8478606f3a34d311c0310d983c664614643f59bfedeefd291a82b2c30c,6739
- completed:
    hackage: happy-1.20.0@sha256:f99e612b29d68d784d7e193943a13466f0923de69452a2585081491efed0436b,5709
    pantry-tree:
      size: 8749
      sha256: a90122967031e2feb99adbbacf57ddf8627a7c0444720402513d3f11ec7f990a
  original:
    hackage: happy-1.20.0@sha256:f99e612b29d68d784d7e193943a13466f0923de69452a2585081491efed0436b,5709
- completed:
    hackage: haskell-lexer-1.1@sha256:9e0a7633f6bdb59004c6f3144ebfad1edb9e440fc6a94215c3a1d11bcd8656ef,915
    pantry-tree:
      size: 587
      sha256: b301fc4115ecc2687df258748a4d6f4165ee34890d65ddb81930d6adfd6c4f7c
  original:
    hackage: haskell-lexer-1.1@sha256:9e0a7633f6bdb59004c6f3144ebfad1edb9e440fc6a94215c3a1d11bcd8656ef,915
- completed:
    hackage: hspec-core-2.9.4@sha256:a126e9087409fef8dcafcd2f8656456527ac7bb163ed4d9cb3a57589042a5fe8,6498
    pantry-tree:
      size: 5684
      sha256: 3715daf7eb40eefeba075013c5b70d57219d0cfd8114706fc7500c9442f05966
  original:
    hackage: hspec-core-2.9.4@sha256:a126e9087409fef8dcafcd2f8656456527ac7bb163ed4d9cb3a57589042a5fe8,6498
- completed:
    hackage: hspec-discover-2.9.4@sha256:fbcf49ecfc3d4da53e797fd0275264cba776ffa324ee223e2a3f4ec2d2c9c4a6,2165
    pantry-tree:
      size: 828
      sha256: 54035d7fe6836d08d2e6e934b415135f7e77b4cb002167c4620e3b68d3c51bd7
  original:
    hackage: hspec-discover-2.9.4@sha256:fbcf49ecfc3d4da53e797fd0275264cba776ffa324ee223e2a3f4ec2d2c9c4a6,2165
- completed:
    hackage: hspec-expectations-0.8.2@sha256:e2db24881baadc2d9d23b03cb629e80dcbda89a6b04ace9adb5f4d02ef8b31aa,1594
    pantry-tree:
      size: 602
      sha256: cba2c119c85cf68a18d35cccb365d032359442c82ceb93b295020609712d791f
  original:
    hackage: hspec-expectations-0.8.2@sha256:e2db24881baadc2d9d23b03cb629e80dcbda89a6b04ace9adb5f4d02ef8b31aa,1594
- completed:
    hackage: indexed-traversable-0.1.2@sha256:d66228887242f93ccb4fc7101a1e25a6560c8e4708f6e9ee1d3dd21901756c65,2519
    pantry-tree:
      size: 495
      sha256: 7edfd8672d45016089df7227d9f6452117632a7236d4e71b24a2a1041cab4701
  original:
    hackage: indexed-traversable-0.1.2@sha256:d66228887242f93ccb4fc7101a1e25a6560c8e4708f6e9ee1d3dd21901756c65,2519
- completed:
    hackage: path-0.8.0@sha256:4a522e0a8c0f54bd3d1e5690b22e29c35a7dee91cc2caff68bfe2a5c49ea700b,3191
    pantry-tree:
      size: 924
      sha256: c58c61bad023ab64b99018013684f53f5f38fa47548cf64cfd899d4622674b98
  original:
    hackage: path-0.8.0@sha256:4a522e0a8c0f54bd3d1e5690b22e29c35a7dee91cc2caff68bfe2a5c49ea700b,3191
- completed:
    hackage: path-io-1.6.3@sha256:371bae3355b69c5db06c516a50ea0d82eed96105da6af1d93f8e9613444e5967,2142
    pantry-tree:
      size: 364
      sha256: 37fa253d7dac4f733d39dc4355eb1d1bcdd7432f99df54c495a9e0f5d4e6303f
  original:
    hackage: path-io-1.6.3@sha256:371bae3355b69c5db06c516a50ea0d82eed96105da6af1d93f8e9613444e5967,2142
- completed:
    hackage: primitive-0.7.3.0@sha256:6b28a1c0572f5ca50597ba8388aeade21515842969ae192cdc6bfca81367bf56,2951
    pantry-tree:
      size: 1655
      sha256: 4dd118201091c04a138a25e262ab61e8e64e811832eadd8b6b39d56504dfe045
  original:
    hackage: primitive-0.7.3.0@sha256:6b28a1c0572f5ca50597ba8388aeade21515842969ae192cdc6bfca81367bf56,2951
- completed:
    hackage: profunctors-5.6.2@sha256:3d3685119243a7ebf984fa6af03299d156ab7674a432e2e15ecee2a4fd420fb6,2483
    pantry-tree:
      size: 1588
      sha256: 2a839845b75d600ab5a51c582a740de87805f794caa5836b6a16250d9b535789
  original:
    hackage: profunctors-5.6.2@sha256:3d3685119243a7ebf984fa6af03299d156ab7674a432e2e15ecee2a4fd420fb6,2483
- completed:
    hackage: regex-base-0.94.0.2@sha256:2561adac8ce373910948066debe090a22b336b129ba5af18c0332524d16e72ce,2635
    pantry-tree:
      size: 531
      sha256: 4d3e05706978f75df4bff7b890a1b2c4d88b7cd57e0155ecb238599a24aa7c63
  original:
    hackage: regex-base-0.94.0.2@sha256:2561adac8ce373910948066debe090a22b336b129ba5af18c0332524d16e72ce,2635
- completed:
    hackage: regex-posix-0.96.0.1@sha256:b6421e5356766b0c0a78b6094ae2e3a6259b42c147b717283c03c1cb09163dca,2920
    pantry-tree:
      size: 748
      sha256: 040eef96bb1f9a25995f973931f4bf0b2210d0c1816ebd6725896ef056b6e4c8
  original:
    hackage: regex-posix-0.96.0.1@sha256:b6421e5356766b0c0a78b6094ae2e3a6259b42c147b717283c03c1cb09163dca,2920
- completed:
    hackage: scientific-0.3.7.0@sha256:d7edb4dfb320e7b9cc9d503ca435d22983a236db06c7b4f3e81c099a9fd4cd73,4809
    pantry-tree:
      size: 657
      sha256: 7b09735385193ba6ba4cdbc9ccd2aa60989a5c913df439da23e0a87ca60576ee
  original:
    hackage: scientific-0.3.7.0@sha256:d7edb4dfb320e7b9cc9d503ca435d22983a236db06c7b4f3e81c099a9fd4cd73,4809
- completed:
    hackage: semialign-1.2.0.1@sha256:0e179b4d3a8eff79001d374d6c91917c6221696b9620f0a4d86852fc6a9b9501,2836
    pantry-tree:
      size: 537
      sha256: 635bbbb517f0c063a4bc2e9e6efdb0e598b9d9fd467f52df81ab3a4af1fd923b
  original:
    hackage: semialign-1.2.0.1@sha256:0e179b4d3a8eff79001d374d6c91917c6221696b9620f0a4d86852fc6a9b9501,2836
- completed:
    hackage: semigroupoids-5.3.6@sha256:56119f42bc080256100bd6dab6292c144eef430b3430f2ce1581e8e06668d33e,7752
    pantry-tree:
      size: 2404
      sha256: bbdbff3cc65e5cf23a28e2256d282bffdba87b674d38681833e5624cc18ca88b
  original:
    hackage: semigroupoids-5.3.6@sha256:56119f42bc080256100bd6dab6292c144eef430b3430f2ce1581e8e06668d33e,7752
- completed:
    hackage: splitmix-0.1.0.4@sha256:714a55fd28d3e2533bd5b49e74f604ef8e5d7b06f249c8816f6c54aed431dcf1,6483
    pantry-tree:
      size: 1519
      sha256: 79f4645c11b7a3861db0b596297f72804f509444d639a8fd7c0162b1ed80c578
  original:
    hackage: splitmix-0.1.0.4@sha256:714a55fd28d3e2533bd5b49e74f604ef8e5d7b06f249c8816f6c54aed431dcf1,6483
- completed:
    hackage: strict-0.4.0.1@sha256:ca6fba3bd2ddc0b70f31286192aa36359a99f1c0cd50e821ffc37bee772fd68f,4170
    pantry-tree:
      size: 654
      sha256: ec6ce31880d5684c9362928dbbdfed5d0bc205edcb966fad6cde4872df237adf
  original:
    hackage: strict-0.4.0.1@sha256:ca6fba3bd2ddc0b70f31286192aa36359a99f1c0cd50e821ffc37bee772fd68f,4170
- completed:
    hackage: tagged-0.8.6.1@sha256:29c67d98a4404607f024750ab9c7210dadcbbef4e1944c48c52902f2071b2662,2874
    pantry-tree:
      size: 496
      sha256: 4548d4f2d43e25a182ac6f5da34364c4a41a1da88468c671445a0bf2a70c130c
  original:
    hackage: tagged-0.8.6.1@sha256:29c67d98a4404607f024750ab9c7210dadcbbef4e1944c48c52902f2071b2662,2874
- completed:
    hackage: text-short-0.1.4@sha256:2c4789148650fdd624b7f7cabfd28b12e4130f1905eb6e3650d4d56d7db42f23,3575
    pantry-tree:
      size: 727
      sha256: 6165735a26a99b116b0a51c86ab8a36db85acaef9892d2ce9e16d986bd7dc5ba
  original:
    hackage: text-short-0.1.4@sha256:2c4789148650fdd624b7f7cabfd28b12e4130f1905eb6e3650d4d56d7db42f23,3575
- completed:
    hackage: th-abstraction-0.4.3.0@sha256:db4b3b69398acd8a7c5c8cc8a962da55d65d05d44d5039b51bd3cb5fb3d8400f,2148
    pantry-tree:
      size: 670
      sha256: cd2d3fd020b3c6b415e41c71b60999ca7dd14918b056e15e090f640cba1feed8
  original:
    hackage: th-abstraction-0.4.3.0@sha256:db4b3b69398acd8a7c5c8cc8a962da55d65d05d44d5039b51bd3cb5fb3d8400f,2148
- completed:
    hackage: these-1.1.1.1@sha256:f069e766b8fed73d457fca20cc197f5c539bcdd03d7636e478ddf14dbb67684a,2748
    pantry-tree:
      size: 351
      sha256: 09a71077d04df022d79d341f69eb5dad8e8e103839b51f21a28920bba1e1ad9f
  original:
    hackage: these-1.1.1.1@sha256:f069e766b8fed73d457fca20cc197f5c539bcdd03d7636e478ddf14dbb67684a,2748
- completed:
    hackage: time-compat-1.9.6.1@sha256:42d8f2e08e965e1718917d54ad69e1d06bd4b87d66c41dc7410f59313dba4ed1,5033
    pantry-tree:
      size: 4113
      sha256: b262c5ae8d72d2073d12e1de1863abd234fad8c138df28f32bb51bc232ced608
  original:
    hackage: time-compat-1.9.6.1@sha256:42d8f2e08e965e1718917d54ad69e1d06bd4b87d66c41dc7410f59313dba4ed1,5033
- completed:
    hackage: transformers-compat-0.7.1@sha256:03534fcfd4a6026d415b0e19d2a48d6ccb639e809db0cd41f313bc771a887a9b,5602
    pantry-tree:
      size: 1724
      sha256: 62a237717ebb6337a8ca3b446a1fa3075fd0e5136384e00760f702064eda9c0f
  original:
    hackage: transformers-compat-0.7.1@sha256:03534fcfd4a6026d415b0e19d2a48d6ccb639e809db0cd41f313bc771a887a9b,5602
- completed:
    hackage: uuid-types-1.0.5@sha256:7ce4768b13546080c6c28a843b8d050927dda1a1732e7014db558518284cc39a,2591
    pantry-tree:
      size: 480
      sha256: 88536a05ad489620e48aac8d19f43ec0ec836808e62eab64e95cbd033473b0bd
  original:
    hackage: uuid-types-1.0.5@sha256:7ce4768b13546080c6c28a843b8d050927dda1a1732e7014db558518284cc39a,2591
- completed:
    hackage: vector-0.12.3.1@sha256:040210919e5ce454dcee3320f77803da3dbda579c8428dc25ff0155732234808,7946
    pantry-tree:
      size: 3842
      sha256: 00cfcd768c02740343ecf67de4542f30a4ebbbd7200849a22271b35965837fef
  original:
    hackage: vector-0.12.3.1@sha256:040210919e5ce454dcee3320f77803da3dbda579c8428dc25ff0155732234808,7946
- completed:
    hackage: witherable-0.4.2@sha256:81fd3b1e56e6d8c5b1acdbed06d49c72186902f7400139152afd70e37ad956d2,2285
    pantry-tree:
      size: 384
      sha256: 9249e2860d2d03f1d4b2204ee996eeeed836cfcfc426512742cc0e07f96fd407
  original:
    hackage: witherable-0.4.2@sha256:81fd3b1e56e6d8c5b1acdbed06d49c72186902f7400139152afd70e37ad956d2,2285
- completed:
    hackage: yaml-0.11.7.0@sha256:bdc72a1f2eb7adc85d3dc8ff8b19d82319d3a4f2dd6847d1d161071cab6390c2,4936
    pantry-tree:
      size: 2044
      sha256: 78740da227b412af7f63fbf277e47ea22a797e8ce18912d5450f9e88376b49ba
  original:
    hackage: yaml-0.11.7.0@sha256:bdc72a1f2eb7adc85d3dc8ff8b19d82319d3a4f2dd6847d1d161071cab6390c2,4936
- completed:
    hackage: HUnit-1.6.2.0@sha256:1a79174e8af616117ad39464cac9de205ca923da6582825e97c10786fda933a4,1588
    pantry-tree:
      size: 878
      sha256: 4f20a5a33866171260d0ee1e256c27f53cc84d37a68d498c3e12347f4e3d05b4
  original:
    hackage: HUnit-1.6.2.0@sha256:1a79174e8af616117ad39464cac9de205ca923da6582825e97c10786fda933a4,1588
- completed:
    hackage: assoc-1.0.2@sha256:e0d9d1febc172e2a1b22aacd25df7f90be557dcf12ff87359f43128f8c194d9e,1237
    pantry-tree:
      size: 290
      sha256: 760f0aa60d4beb6a893ae9f73f64f5e93dc4414487bc0c8dfa33dadffd338de9
  original:
    hackage: assoc-1.0.2@sha256:e0d9d1febc172e2a1b22aacd25df7f90be557dcf12ff87359f43128f8c194d9e,1237
- completed:
    hackage: base-orphans-0.8.6@sha256:eb6758d0160d607e0c45dbd6b196f515b9a589fd4f6d2f926929dd5d56282d37,3175
    pantry-tree:
      size: 1272
      sha256: f889d6903383305688e6e703982bfdc985649b7d4538429e44f98f99d8f73c07
  original:
    hackage: base-orphans-0.8.6@sha256:eb6758d0160d607e0c45dbd6b196f515b9a589fd4f6d2f926929dd5d56282d37,3175
- completed:
    hackage: call-stack-0.4.0@sha256:ac44d2c00931dc20b01750da8c92ec443eb63a7231e8550188cb2ac2385f7feb,1200
    pantry-tree:
      size: 501
      sha256: 04134fa69cdd824b4e4bb7f77e7173e0705f27deabdbbf99549c549400191e1e
  original:
    hackage: call-stack-0.4.0@sha256:ac44d2c00931dc20b01750da8c92ec443eb63a7231e8550188cb2ac2385f7feb,1200
- completed:
    hackage: clock-0.8.2@sha256:473ffd59765cc67634bdc55b63c699a85addf3a024089073ec2a862881e83e2a,4313
    pantry-tree:
      size: 383
      sha256: 8c259cbab153b142020fcb1bd4ca787e0205b5faef6fa2457d83c5d726147a93
  original:
    hackage: clock-0.8.2@sha256:473ffd59765cc67634bdc55b63c699a85addf3a024089073ec2a862881e83e2a,4313
- completed:
    hackage: colour-2.3.6@sha256:ebdcbf15023958838a527e381ab3c3b1e99ed12d1b25efeb7feaa4ad8c37664a,2378
    pantry-tree:
      size: 1183
      sha256: 03f8e22f364deb86098dbfbe0bf83c896437b2355f139abdac0402658fb6ac7e
  original:
    hackage: colour-2.3.6@sha256:ebdcbf15023958838a527e381ab3c3b1e99ed12d1b25efeb7feaa4ad8c37664a,2378
- completed:
    hackage: comonad-5.0.8@sha256:1f1aabd73ec7f80f20cf078a748a60cd48d8e57277802fdf6a9ab3601a9b8f7e,3631
    pantry-tree:
      size: 1618
      sha256: 394660fe7fa4127e5a181890bce28b9fcd6eb180ba25aa5566bc8b5bdd385517
  original:
    hackage: comonad-5.0.8@sha256:1f1aabd73ec7f80f20cf078a748a60cd48d8e57277802fdf6a9ab3601a9b8f7e,3631
- completed:
    hackage: conduit-1.3.4.2@sha256:92165c9fc22f4e8c75b936b8ed4739360e8318bec2a05cd2c8c5b293d126b477,5129
    pantry-tree:
      size: 1957
      sha256: 8f5f18d84acb44440b7de5df4a02c2954a5c25c38b86268cdccb055ed4ee5e8b
  original:
    hackage: conduit-1.3.4.2@sha256:92165c9fc22f4e8c75b936b8ed4739360e8318bec2a05cd2c8c5b293d126b477,5129
- completed:
    hackage: contravariant-1.5.5@sha256:470ed0e040e879e2da4af1b2c8f94e199f6135852a8107858d5ae0a95365835f,3041
    pantry-tree:
      size: 652
      sha256: 9eb62fea28548dc8a0f60fd47c12843092b78b24ed771b8ad63a0bb34dba8bc4
  original:
    hackage: contravariant-1.5.5@sha256:470ed0e040e879e2da4af1b2c8f94e199f6135852a8107858d5ae0a95365835f,3041
- completed:
    hackage: data-default-class-0.1.2.0@sha256:63e62120b7efd733a5a17cf59ceb43268e9a929c748127172d7d42f4a336e327,542
    pantry-tree:
      size: 224
      sha256: 5017630b11698aefa65fc61cab84a257ce97833c968d425e1b2d53d6c3b5c096
  original:
    hackage: data-default-class-0.1.2.0@sha256:63e62120b7efd733a5a17cf59ceb43268e9a929c748127172d7d42f4a336e327,542
- completed:
    hackage: data-default-instances-containers-0.0.1@sha256:6e1f4b28028a3bc455aaf4b5a9104b71ea72cff78b1b8041863df7afd1a8deb3,527
    pantry-tree:
      size: 254
      sha256: 3e61b45fb5aa231cff29025b1d36561d7d6b17fa91cdddd15d854615a3fe1ae0
  original:
    hackage: data-default-instances-containers-0.0.1@sha256:6e1f4b28028a3bc455aaf4b5a9104b71ea72cff78b1b8041863df7afd1a8deb3,527
- completed:
    hackage: data-default-instances-dlist-0.0.1@sha256:4286abacbb256c392907701be16986a6e07f2beaf2778e7bd925465655d9e301,507
    pantry-tree:
      size: 244
      sha256: 705ebc2408e66631dac47e400fd963deaefe8a55de662b5f1950c47a590632ce
  original:
    hackage: data-default-instances-dlist-0.0.1@sha256:4286abacbb256c392907701be16986a6e07f2beaf2778e7bd925465655d9e301,507
- completed:
    hackage: data-default-instances-old-locale-0.0.1@sha256:d4a757f68f0f83531fcb34a4525fe6769c54a45182e28ffdfff19c2b0ace42fb,526
    pantry-tree:
      size: 253
      sha256: 91a62d701bea1432cc0126dd25005a4480e4a5082b2fae5e9d36f96fb8bbffb5
  original:
    hackage: data-default-instances-old-locale-0.0.1@sha256:d4a757f68f0f83531fcb34a4525fe6769c54a45182e28ffdfff19c2b0ace42fb,526
- completed:
    hackage: distributive-0.6.2.1@sha256:0f99f5541cca04acf89b64432b03422b6408e830a8dff30e6c4334ef1a48680c,2996
    pantry-tree:
      size: 735
      sha256: a42bed5fe0ba295643538312dee6c9436314c05a6f7efdd32b4303979f8bd744
  original:
    hackage: distributive-0.6.2.1@sha256:0f99f5541cca04acf89b64432b03422b6408e830a8dff30e6c4334ef1a48680c,2996
- completed:
    hackage: fmlist-0.9.4@sha256:d6a08a8e926d83e065b1402752f321bc7e1878299efbc5139873e84ffd98cabf,984
    pantry-tree:
      size: 205
      sha256: 828f160eb232ecba8c9d5814c7173915fb9eb05454cdaf672b13eefc5b32a578
  original:
    hackage: fmlist-0.9.4@sha256:d6a08a8e926d83e065b1402752f321bc7e1878299efbc5139873e84ffd98cabf,984
- completed:
    hackage: indexed-traversable-instances-0.1.1@sha256:69ce2476ac8376bc269ca05a7a5973f033d4a7736793dc22a3ec3032da70ceb7,3224
    pantry-tree:
      size: 480
      sha256: 707d8d3c66d153d4671a7c12cacf9928e3d2df93b9d411b6c7462c4073c3c619
  original:
    hackage: indexed-traversable-instances-0.1.1@sha256:69ce2476ac8376bc269ca05a7a5973f033d4a7736793dc22a3ec3032da70ceb7,3224
- completed:
    hackage: integer-logarithms-1.0.3.1@sha256:b65e11ec6f4b29c5278716da0544b951a49ab5310608df0fc41eec29f15691d9,3229
    pantry-tree:
      size: 865
      sha256: 804c8c0d77470f84640ee70c66155f770798e295c0a0572e41d071f69e24ca4e
  original:
    hackage: integer-logarithms-1.0.3.1@sha256:b65e11ec6f4b29c5278716da0544b951a49ab5310608df0fc41eec29f15691d9,3229
- completed:
    hackage: libyaml-0.1.2@sha256:7f14f69ceb14659699974e8e47e1ea6f226ea21ff42a802db03e721c319d201d,2125
    pantry-tree:
      size: 1096
      sha256: 7d03826965c52ffef8ce22179a1c0211e4cafb5f73f2a723169ef14b3677e262
  original:
    hackage: libyaml-0.1.2@sha256:7f14f69ceb14659699974e8e47e1ea6f226ea21ff42a802db03e721c319d201d,2125
- completed:
    hackage: quickcheck-io-0.2.0@sha256:7bf0b68fb90873825eb2e5e958c1b76126dcf984debb998e81673e6d837e0b2d,1133
    pantry-tree:
      size: 223
      sha256: afaa27fbf8b35aa7ce174abd9c59a84a12fd7f3d08300c3280b22c1d204f11ca
  original:
    hackage: quickcheck-io-0.2.0@sha256:7bf0b68fb90873825eb2e5e958c1b76126dcf984debb998e81673e6d837e0b2d,1133
- completed:
    hackage: resourcet-1.2.4.3@sha256:8d334105a5a9cd33759d2b1e949f616f8ba031d0374b4b07771a720ad14871e1,1730
    pantry-tree:
      size: 647
      sha256: 7a5c6f44ea9e422134b3b150378bc5bc48b4e11dfb5901f9282a939724f9b8bf
  original:
    hackage: resourcet-1.2.4.3@sha256:8d334105a5a9cd33759d2b1e949f616f8ba031d0374b4b07771a720ad14871e1,1730
- completed:
    hackage: setenv-0.1.1.3@sha256:c5916ac0d2a828473cd171261328a290afe0abd799db1ac8c310682fe778c45b,1053
    pantry-tree:
      size: 212
      sha256: 9a071cf2552e6881cd3ac0ce81252d5b96ac7f42cae517d973ea167e3d503265
  original:
    hackage: setenv-0.1.1.3@sha256:c5916ac0d2a828473cd171261328a290afe0abd799db1ac8c310682fe778c45b,1053
- completed:
    hackage: temporary-1.3@sha256:3a66c136f700dbf42f3c5000ca93e80b26dead51e54322c83272b236c1ec8ef1,1485
    pantry-tree:
      size: 318
      sha256: 5bfb8569e9c83e1b17604fc4375b5efd280f28146a7c42524f13a986f5a3bbc5
  original:
    hackage: temporary-1.3@sha256:3a66c136f700dbf42f3c5000ca93e80b26dead51e54322c83272b236c1ec8ef1,1485
- completed:
    hackage: tf-random-0.5@sha256:14012837d0f0e18fdbbe3d56e67da8622ee5e20b180abce952dd50bd9f36b326,3983
    pantry-tree:
      size: 941
      sha256: d6483580cfea846cbf23ff1d7a67849546d5096425b6d61318a34554043b4ffb
  original:
    hackage: tf-random-0.5@sha256:14012837d0f0e18fdbbe3d56e67da8622ee5e20b180abce952dd50bd9f36b326,3983
- completed:
    hackage: unix-compat-0.5.3@sha256:469cbd1399a7093c241cc9b99ff8ab8a259cb63326bf5c0a7d8448cb345d5e5a,2085
    pantry-tree:
      size: 1044
      sha256: e3a8d4e2d3ec38f75fb919a3cacd124715d96c7ac25fab02f0d19012311d0891
  original:
    hackage: unix-compat-0.5.3@sha256:469cbd1399a7093c241cc9b99ff8ab8a259cb63326bf5c0a7d8448cb345d5e5a,2085
- completed:
    hackage: StateVar-1.2.2@sha256:3c022c00485fe165e3080d5da6b3ca9c9b02f62c5deebc584d1b3d1309ce673e,1673
    pantry-tree:
      size: 314
      sha256: 204cac98219e99334f47b12c565945611748ea03a4d629273dd697d738bcfd7f
  original:
    hackage: StateVar-1.2.2@sha256:3c022c00485fe165e3080d5da6b3ca9c9b02f62c5deebc584d1b3d1309ce673e,1673
- completed:
    hackage: hashable-1.3.5.0@sha256:47d1232d9788bb909cfbd80618de18dcdfb925609593e202912bd5841db138c1,4193
    pantry-tree:
      size: 1248
      sha256: adde5ecc080faa094750544837937cf876e65bf5bf28d81db22e7401faa46bf3
  original:
    hackage: hashable-1.3.5.0@sha256:47d1232d9788bb909cfbd80618de18dcdfb925609593e202912bd5841db138c1,4193
- completed:
    hackage: mono-traversable-1.0.15.3@sha256:059bf3c05cdbef2d06b765333fe41c2168ced2503a23de674e2a59ceb2548c48,2060
    pantry-tree:
      size: 710
      sha256: 20193844369b5e6e0ed2c0df9946db5bd65a6206e3cc9f7cf059523e27a818b8
  original:
    hackage: mono-traversable-1.0.15.3@sha256:059bf3c05cdbef2d06b765333fe41c2168ced2503a23de674e2a59ceb2548c48,2060
- completed:
    hackage: unliftio-core-0.2.0.1@sha256:f9abcdd3f3d28e4840563efb7b8760d2de9b5707bcd6f53a87f6a0d77bb5a9f7,1082
    pantry-tree:
      size: 328
      sha256: 9955bc1336dd07c94928892f1a97aed6e5fe63a4242f089a0efd2e95174490ea
  original:
    hackage: unliftio-core-0.2.0.1@sha256:f9abcdd3f3d28e4840563efb7b8760d2de9b5707bcd6f53a87f6a0d77bb5a9f7,1082
- completed:
    hackage: split-0.2.3.4@sha256:a6df9c3e806ee7cb50bc980a183fc1156f35022a39430dabac0bf9456fe18a4b,2647
    pantry-tree:
      size: 439
      sha256: 4e7559f1be32a70cdbdb96d14db768561dd36b8fdff36b3ffac94751f5b5ae6d
  original:
    hackage: split-0.2.3.4@sha256:a6df9c3e806ee7cb50bc980a183fc1156f35022a39430dabac0bf9456fe18a4b,2647
- completed:
    hackage: vector-algorithms-0.8.0.4@sha256:bf4760b23a0fee09abb8c9e3c952c870f5dc9780876e9d7e38ab2bdd98c8f283,3752
    pantry-tree:
      size: 1439
      sha256: 850a7481c87750751d87369690e3bacbdf986716b338ecadb3eeb1af5b192049
  original:
    hackage: vector-algorithms-0.8.0.4@sha256:bf4760b23a0fee09abb8c9e3c952c870f5dc9780876e9d7e38ab2bdd98c8f283,3752
- completed:
    subdir: llvm-hs
    name: llvm-hs
    version: 9.0.1
    git: https://github.com/madlib-lang/llvm-hs
    pantry-tree:
      size: 13720
      sha256: 0a5328c6124c128ee1d3c43824b8d1aca3e557e17da7e838909742abbe516a9c
    commit: 599e3d76dbdcdda15bdd430b8030a618ec5dd401
  original:
    subdir: llvm-hs
    git: https://github.com/madlib-lang/llvm-hs
    commit: 599e3d76dbdcdda15bdd430b8030a618ec5dd401
- completed:
    hackage: rock-0.3.1.1@sha256:78ea97956e6db9a8913e420111c2b5bcc5e52122ab56bfd9958606f0857aa25c,3591
    pantry-tree:
      size: 536
      sha256: 4fe1a254b430c7e7203314e4e83b78ec52eed406041f89ca9d3b81e2a91d2e72
  original:
    hackage: rock-0.3.1.1@sha256:78ea97956e6db9a8913e420111c2b5bcc5e52122ab56bfd9958606f0857aa25c,3591
- completed:
    hackage: dependent-hashmap-0.1.0.1@sha256:6d1c20bd79f32d8daebd3cc741f884cc3d093118e3b876eb957defd4c594a966,1892
    pantry-tree:
      size: 334
      sha256: 817b36b81735d96696c5b165357c431e0b396dcf45afb8b4384fbfd4f4499cbb
  original:
    hackage: dependent-hashmap-0.1.0.1@sha256:6d1c20bd79f32d8daebd3cc741f884cc3d093118e3b876eb957defd4c594a966,1892
- completed:
    hackage: parallel-io-0.3.5@sha256:97db32eb84b3141f4957f6d208c0ef8adce647cbf68099417e93c7d9a45f9b35,3482
    pantry-tree:
      size: 706
      sha256: 9c81a6a331620aca19c7f8cfb88df2a9584346820687d75147b2a7bab87e112b
  original:
    hackage: parallel-io-0.3.5@sha256:97db32eb84b3141f4957f6d208c0ef8adce647cbf68099417e93c7d9a45f9b35,3482
- completed:
    hackage: diagnose-2.4.0@sha256:c594a0b512a8d3aa58b240070467d6f337ef0769e367a0e74f2081307b1b13d7,5941
    pantry-tree:
      size: 1402
      sha256: 60de1c15ada5dd82f9ac70065ed52eb36da733111962a692f0a66db2c7313d78
  original:
    hackage: diagnose-2.4.0@sha256:c594a0b512a8d3aa58b240070467d6f337ef0769e367a0e74f2081307b1b13d7,5941
- completed:
    name: wcwidth
    version: 0.0.2
    git: https://github.com/solidsnack/wcwidth.git
    pantry-tree:
      size: 815
      sha256: dc6939beb9b35fcebebfe22eef013d9438ff2dd885b517fb7ea352dee4d580a7
    commit: 747297319f0dd0c8e8f72b7de4fbf52aad73d5b0
  original:
    git: https://github.com/solidsnack/wcwidth.git
    commit: 747297319f0dd0c8e8f72b7de4fbf52aad73d5b0
snapshots:
- completed:
    size: 586296
    url: https://raw.githubusercontent.com/commercialhaskell/stackage-snapshots/master/lts/18/18.yaml
    sha256: 63539429076b7ebbab6daa7656cfb079393bf644971156dc349d7c0453694ac2
  original: lts-18.18
